
Microsoft Visual Studio Solution File, Format Version 12.00
# Visual Studio Version 17
VisualStudioVersion = 17.4.33103.184
MinimumVisualStudioVersion = 10.0.40219.1
Project("{FAE04EC0-301F-11D3-BF4B-00C04F79EFBC}") = "UniversityApiBackend", "UniversityApiBackend\UniversityApiBackend.csproj", "{761B6878-0F6B-4514-ACC8-31AF08083D14}"
EndProject
Global
	GlobalSection(SolutionConfigurationPlatforms) = preSolution
		Debug|Any CPU = Debug|Any CPU
		Release|Any CPU = Release|Any CPU
	EndGlobalSection
	GlobalSection(ProjectConfigurationPlatforms) = postSolution
		{761B6878-0F6B-4514-ACC8-31AF08083D14}.Debug|Any CPU.ActiveCfg = Debug|Any CPU
		{761B6878-0F6B-4514-ACC8-31AF08083D14}.Debug|Any CPU.Build.0 = Debug|Any CPU
		{761B6878-0F6B-4514-ACC8-31AF08083D14}.Release|Any CPU.ActiveCfg = Release|Any CPU
		{761B6878-0F6B-4514-ACC8-31AF08083D14}.Release|Any CPU.Build.0 = Release|Any CPU
	EndGlobalSection
	GlobalSection(SolutionProperties) = preSolution
		HideSolutionNode = FALSE
	EndGlobalSection
	GlobalSection(ExtensibilityGlobals) = postSolution
		SolutionGuid = {96716626-2965-4417-834A-70C7505F7566}
	EndGlobalSection
EndGlobal
